
Microsoft Visual Studio Solution File, Format Version 12.00
# Visual Studio Version 17
VisualStudioVersion = 17.13.35913.81 d17.13
MinimumVisualStudioVersion = 10.0.40219.1
Project("{FAE04EC0-301F-11D3-BF4B-00C04F79EFBC}") = "Finance.Api", "Finance.Api\Finance.Api.csproj", "{B8D518A5-73B6-4B82-B4FD-86F018A2CA22}"
EndProject
Project("{FAE04EC0-301F-11D3-BF4B-00C04F79EFBC}") = "Finance.Repository.Abstraction", "Finance.Repository.Abstraction\Finance.Repository.Abstraction.csproj", "{30A12496-54F4-405E-9C26-9EC1C3D444D6}"
EndProject
Project("{FAE04EC0-301F-11D3-BF4B-00C04F79EFBC}") = "Finance.Repository.SqlServer", "Finance.Repository.SqlServer\Finance.Repository.SqlServer.csproj", "{0C562788-44B6-4EBD-9F9F-F9B8DCBF04A5}"
EndProject
Project("{FAE04EC0-301F-11D3-BF4B-00C04F79EFBC}") = "Finance.Shared", "Finance.Shared\Finance.Shared.csproj", "{7470D4C9-304F-4725-B2F9-A7DB6E0F2BA6}"
EndProject
Project("{FAE04EC0-301F-11D3-BF4B-00C04F79EFBC}") = "Finance.Validation", "Finance.Validation\Finance.Validation.csproj", "{C4C155DE-0B57-453E-BFCC-FF6A61D13285}"
EndProject
Global
	GlobalSection(SolutionConfigurationPlatforms) = preSolution
		Debug|Any CPU = Debug|Any CPU
		Release|Any CPU = Release|Any CPU
	EndGlobalSection
	GlobalSection(ProjectConfigurationPlatforms) = postSolution
		{B8D518A5-73B6-4B82-B4FD-86F018A2CA22}.Debug|Any CPU.ActiveCfg = Debug|Any CPU
		{B8D518A5-73B6-4B82-B4FD-86F018A2CA22}.Debug|Any CPU.Build.0 = Debug|Any CPU
		{B8D518A5-73B6-4B82-B4FD-86F018A2CA22}.Release|Any CPU.ActiveCfg = Release|Any CPU
		{B8D518A5-73B6-4B82-B4FD-86F018A2CA22}.Release|Any CPU.Build.0 = Release|Any CPU
		{30A12496-54F4-405E-9C26-9EC1C3D444D6}.Debug|Any CPU.ActiveCfg = Debug|Any CPU
		{30A12496-54F4-405E-9C26-9EC1C3D444D6}.Debug|Any CPU.Build.0 = Debug|Any CPU
		{30A12496-54F4-405E-9C26-9EC1C3D444D6}.Release|Any CPU.ActiveCfg = Release|Any CPU
		{30A12496-54F4-405E-9C26-9EC1C3D444D6}.Release|Any CPU.Build.0 = Release|Any CPU
		{0C562788-44B6-4EBD-9F9F-F9B8DCBF04A5}.Debug|Any CPU.ActiveCfg = Debug|Any CPU
		{0C562788-44B6-4EBD-9F9F-F9B8DCBF04A5}.Debug|Any CPU.Build.0 = Debug|Any CPU
		{0C562788-44B6-4EBD-9F9F-F9B8DCBF04A5}.Release|Any CPU.ActiveCfg = Release|Any CPU
		{0C562788-44B6-4EBD-9F9F-F9B8DCBF04A5}.Release|Any CPU.Build.0 = Release|Any CPU
		{7470D4C9-304F-4725-B2F9-A7DB6E0F2BA6}.Debug|Any CPU.ActiveCfg = Debug|Any CPU
		{7470D4C9-304F-4725-B2F9-A7DB6E0F2BA6}.Debug|Any CPU.Build.0 = Debug|Any CPU
		{7470D4C9-304F-4725-B2F9-A7DB6E0F2BA6}.Release|Any CPU.ActiveCfg = Release|Any CPU
		{7470D4C9-304F-4725-B2F9-A7DB6E0F2BA6}.Release|Any CPU.Build.0 = Release|Any CPU
		{C4C155DE-0B57-453E-BFCC-FF6A61D13285}.Debug|Any CPU.ActiveCfg = Debug|Any CPU
		{C4C155DE-0B57-453E-BFCC-FF6A61D13285}.Debug|Any CPU.Build.0 = Debug|Any CPU
		{C4C155DE-0B57-453E-BFCC-FF6A61D13285}.Release|Any CPU.ActiveCfg = Release|Any CPU
		{C4C155DE-0B57-453E-BFCC-FF6A61D13285}.Release|Any CPU.Build.0 = Release|Any CPU
	EndGlobalSection
	GlobalSection(SolutionProperties) = preSolution
		HideSolutionNode = FALSE
	EndGlobalSection
	GlobalSection(ExtensibilityGlobals) = postSolution
		SolutionGuid = {4A77A19B-D92B-420F-A9C2-C3A133FC11A5}
	EndGlobalSection
EndGlobal
